
Microsoft Visual Studio Solution File, Format Version 12.00
# Visual Studio Version 16
VisualStudioVersion = 16.0.30621.155
MinimumVisualStudioVersion = 10.0.40219.1
Project("{8BC9CEB8-8B4A-11D0-8D11-00A0C91BC942}") = "concatenatedStrings", "concatenatedStrings\concatenatedStrings.vcxproj", "{E3DFC58E-3476-4BBA-B46E-00DBB13DB4E4}"
EndProject
Global
	GlobalSection(SolutionConfigurationPlatforms) = preSolution
		Debug|x64 = Debug|x64
		Debug|x86 = Debug|x86
		Release|x64 = Release|x64
		Release|x86 = Release|x86
	EndGlobalSection
	GlobalSection(ProjectConfigurationPlatforms) = postSolution
		{E3DFC58E-3476-4BBA-B46E-00DBB13DB4E4}.Debug|x64.ActiveCfg = Debug|x64
		{E3DFC58E-3476-4BBA-B46E-00DBB13DB4E4}.Debug|x64.Build.0 = Debug|x64
		{E3DFC58E-3476-4BBA-B46E-00DBB13DB4E4}.Debug|x86.ActiveCfg = Debug|Win32
		{E3DFC58E-3476-4BBA-B46E-00DBB13DB4E4}.Debug|x86.Build.0 = Debug|Win32
		{E3DFC58E-3476-4BBA-B46E-00DBB13DB4E4}.Release|x64.ActiveCfg = Release|x64
		{E3DFC58E-3476-4BBA-B46E-00DBB13DB4E4}.Release|x64.Build.0 = Release|x64
		{E3DFC58E-3476-4BBA-B46E-00DBB13DB4E4}.Release|x86.ActiveCfg = Release|Win32
		{E3DFC58E-3476-4BBA-B46E-00DBB13DB4E4}.Release|x86.Build.0 = Release|Win32
	EndGlobalSection
	GlobalSection(SolutionProperties) = preSolution
		HideSolutionNode = FALSE
	EndGlobalSection
	GlobalSection(ExtensibilityGlobals) = postSolution
		SolutionGuid = {01D66A1A-C860-4A49-9043-C5A7951ADFA1}
	EndGlobalSection
EndGlobal
